
Microsoft Visual Studio Solution File, Format Version 11.00
# Visual Studio 2010
Project("{8BC9CEB8-8B4A-11D0-8D11-00A0C91BC942}") = "hw11.22", "hw11.22\hw11.22.vcxproj", "{B0A8A27A-3AF3-4E11-9FC4-1605C9EC3CB6}"
EndProject
Global
	GlobalSection(SolutionConfigurationPlatforms) = preSolution
		Debug|Win32 = Debug|Win32
		Release|Win32 = Release|Win32
	EndGlobalSection
	GlobalSection(ProjectConfigurationPlatforms) = postSolution
		{B0A8A27A-3AF3-4E11-9FC4-1605C9EC3CB6}.Debug|Win32.ActiveCfg = Debug|Win32
		{B0A8A27A-3AF3-4E11-9FC4-1605C9EC3CB6}.Debug|Win32.Build.0 = Debug|Win32
		{B0A8A27A-3AF3-4E11-9FC4-1605C9EC3CB6}.Release|Win32.ActiveCfg = Release|Win32
		{B0A8A27A-3AF3-4E11-9FC4-1605C9EC3CB6}.Release|Win32.Build.0 = Release|Win32
	EndGlobalSection
	GlobalSection(SolutionProperties) = preSolution
		HideSolutionNode = FALSE
	EndGlobalSection
EndGlobal
