
Microsoft Visual Studio Solution File, Format Version 11.00
# Visual Studio 2010
Project("{8BC9CEB8-8B4A-11D0-8D11-00A0C91BC942}") = "hw5t1", "hw5t1\hw5t1.vcxproj", "{E643EDFB-5A9D-4F3D-B2AC-856B93FCD77B}"
EndProject
Global
	GlobalSection(SolutionConfigurationPlatforms) = preSolution
		Debug|Win32 = Debug|Win32
		Release|Win32 = Release|Win32
	EndGlobalSection
	GlobalSection(ProjectConfigurationPlatforms) = postSolution
		{E643EDFB-5A9D-4F3D-B2AC-856B93FCD77B}.Debug|Win32.ActiveCfg = Debug|Win32
		{E643EDFB-5A9D-4F3D-B2AC-856B93FCD77B}.Debug|Win32.Build.0 = Debug|Win32
		{E643EDFB-5A9D-4F3D-B2AC-856B93FCD77B}.Release|Win32.ActiveCfg = Release|Win32
		{E643EDFB-5A9D-4F3D-B2AC-856B93FCD77B}.Release|Win32.Build.0 = Release|Win32
	EndGlobalSection
	GlobalSection(SolutionProperties) = preSolution
		HideSolutionNode = FALSE
	EndGlobalSection
EndGlobal
