
Microsoft Visual Studio Solution File, Format Version 11.00
# Visual Studio 2010
Project("{F2A71F9B-5D33-465A-A702-920D77279786}") = "hw2t4", "hw2t4\hw2t4.fsproj", "{F9E7C285-E67C-45FF-AD80-3BB6110A1721}"
EndProject
Global
	GlobalSection(SolutionConfigurationPlatforms) = preSolution
		Debug|x86 = Debug|x86
		Release|x86 = Release|x86
	EndGlobalSection
	GlobalSection(ProjectConfigurationPlatforms) = postSolution
		{F9E7C285-E67C-45FF-AD80-3BB6110A1721}.Debug|x86.ActiveCfg = Debug|x86
		{F9E7C285-E67C-45FF-AD80-3BB6110A1721}.Debug|x86.Build.0 = Debug|x86
		{F9E7C285-E67C-45FF-AD80-3BB6110A1721}.Release|x86.ActiveCfg = Release|x86
		{F9E7C285-E67C-45FF-AD80-3BB6110A1721}.Release|x86.Build.0 = Release|x86
	EndGlobalSection
	GlobalSection(SolutionProperties) = preSolution
		HideSolutionNode = FALSE
	EndGlobalSection
EndGlobal
