
Microsoft Visual Studio Solution File, Format Version 11.00
# Visual Studio 2010
Project("{8BC9CEB8-8B4A-11D0-8D11-00A0C91BC942}") = "hw7t3", "hw7t3\hw7t3.vcxproj", "{3DAC2302-A5D8-43A6-B572-93FDAB4D285F}"
EndProject
Global
	GlobalSection(SolutionConfigurationPlatforms) = preSolution
		Debug|Win32 = Debug|Win32
		Release|Win32 = Release|Win32
	EndGlobalSection
	GlobalSection(ProjectConfigurationPlatforms) = postSolution
		{3DAC2302-A5D8-43A6-B572-93FDAB4D285F}.Debug|Win32.ActiveCfg = Debug|Win32
		{3DAC2302-A5D8-43A6-B572-93FDAB4D285F}.Debug|Win32.Build.0 = Debug|Win32
		{3DAC2302-A5D8-43A6-B572-93FDAB4D285F}.Release|Win32.ActiveCfg = Release|Win32
		{3DAC2302-A5D8-43A6-B572-93FDAB4D285F}.Release|Win32.Build.0 = Release|Win32
	EndGlobalSection
	GlobalSection(SolutionProperties) = preSolution
		HideSolutionNode = FALSE
	EndGlobalSection
EndGlobal
