
Microsoft Visual Studio Solution File, Format Version 11.00
# Visual Studio 2010
Project("{8BC9CEB8-8B4A-11D0-8D11-00A0C91BC942}") = "hw5t3", "hw5t3\hw5t3.vcxproj", "{374AACFF-86E4-42D9-A547-FF12295ED651}"
EndProject
Global
	GlobalSection(SolutionConfigurationPlatforms) = preSolution
		Debug|Win32 = Debug|Win32
		Release|Win32 = Release|Win32
	EndGlobalSection
	GlobalSection(ProjectConfigurationPlatforms) = postSolution
		{374AACFF-86E4-42D9-A547-FF12295ED651}.Debug|Win32.ActiveCfg = Debug|Win32
		{374AACFF-86E4-42D9-A547-FF12295ED651}.Debug|Win32.Build.0 = Debug|Win32
		{374AACFF-86E4-42D9-A547-FF12295ED651}.Release|Win32.ActiveCfg = Release|Win32
		{374AACFF-86E4-42D9-A547-FF12295ED651}.Release|Win32.Build.0 = Release|Win32
	EndGlobalSection
	GlobalSection(SolutionProperties) = preSolution
		HideSolutionNode = FALSE
	EndGlobalSection
EndGlobal
