
Microsoft Visual Studio Solution File, Format Version 11.00
# Visual Studio 2010
Project("{F2A71F9B-5D33-465A-A702-920D77279786}") = "hw1t1", "hw1t1\hw1t1.fsproj", "{534EB607-9351-47A5-8CBB-9BCA9C0364D9}"
EndProject
Global
	GlobalSection(SolutionConfigurationPlatforms) = preSolution
		Debug|x86 = Debug|x86
		Release|x86 = Release|x86
	EndGlobalSection
	GlobalSection(ProjectConfigurationPlatforms) = postSolution
		{534EB607-9351-47A5-8CBB-9BCA9C0364D9}.Debug|x86.ActiveCfg = Debug|x86
		{534EB607-9351-47A5-8CBB-9BCA9C0364D9}.Debug|x86.Build.0 = Debug|x86
		{534EB607-9351-47A5-8CBB-9BCA9C0364D9}.Release|x86.ActiveCfg = Release|x86
		{534EB607-9351-47A5-8CBB-9BCA9C0364D9}.Release|x86.Build.0 = Release|x86
	EndGlobalSection
	GlobalSection(SolutionProperties) = preSolution
		HideSolutionNode = FALSE
	EndGlobalSection
EndGlobal
